
Microsoft Visual Studio Solution File, Format Version 12.00
# Visual Studio Version 16
VisualStudioVersion = 16.0.29613.14
MinimumVisualStudioVersion = 10.0.40219.1
Project("{FAE04EC0-301F-11D3-BF4B-00C04F79EFBC}") = "Portfolio", "Portfolio.csproj", "{09811F33-9588-4E65-B0B1-D75D02E7560B}"
EndProject
Global
	GlobalSection(SolutionConfigurationPlatforms) = preSolution
		Debug|Any CPU = Debug|Any CPU
		Release|Any CPU = Release|Any CPU
	EndGlobalSection
	GlobalSection(ProjectConfigurationPlatforms) = postSolution
		{09811F33-9588-4E65-B0B1-D75D02E7560B}.Debug|Any CPU.ActiveCfg = Debug|Any CPU
		{09811F33-9588-4E65-B0B1-D75D02E7560B}.Debug|Any CPU.Build.0 = Debug|Any CPU
		{09811F33-9588-4E65-B0B1-D75D02E7560B}.Release|Any CPU.ActiveCfg = Release|Any CPU
		{09811F33-9588-4E65-B0B1-D75D02E7560B}.Release|Any CPU.Build.0 = Release|Any CPU
	EndGlobalSection
	GlobalSection(SolutionProperties) = preSolution
		HideSolutionNode = FALSE
	EndGlobalSection
	GlobalSection(ExtensibilityGlobals) = postSolution
		SolutionGuid = {8A02353A-3843-4FE9-AFA3-1F3A67B1469D}
	EndGlobalSection
EndGlobal
